
Microsoft Visual Studio Solution File, Format Version 11.00
# Visual Basic Express 2010
Project("{F184B08F-C81C-45F6-A57F-5ABD9991F28F}") = "Triangle", "Triangle\Triangle.vbproj", "{8952AFD6-4913-4DA5-908B-CA948B41837D}"
EndProject
Global
	GlobalSection(SolutionConfigurationPlatforms) = preSolution
		Debug|x86 = Debug|x86
		Release|x86 = Release|x86
	EndGlobalSection
	GlobalSection(ProjectConfigurationPlatforms) = postSolution
		{8952AFD6-4913-4DA5-908B-CA948B41837D}.Debug|x86.ActiveCfg = Debug|x86
		{8952AFD6-4913-4DA5-908B-CA948B41837D}.Debug|x86.Build.0 = Debug|x86
		{8952AFD6-4913-4DA5-908B-CA948B41837D}.Release|x86.ActiveCfg = Release|x86
		{8952AFD6-4913-4DA5-908B-CA948B41837D}.Release|x86.Build.0 = Release|x86
	EndGlobalSection
	GlobalSection(SolutionProperties) = preSolution
		HideSolutionNode = FALSE
	EndGlobalSection
EndGlobal
